// !$*UTF8*$!
{
	archiveVersion = 1;
	classes = {
	};
	objectVersion = 56;
	objects = {

/* Begin PBXBuildFile section */
		F73153222BC48E1A00D12B1D /* AppDelegate.swift in Sources */ = {isa = PBXBuildFile; fileRef = F73153212BC48E1A00D12B1D /* AppDelegate.swift */; };
		F73153242BC48E1A00D12B1D /* SceneDelegate.swift in Sources */ = {isa = PBXBuildFile; fileRef = F73153232BC48E1A00D12B1D /* SceneDelegate.swift */; };
		F73153262BC48E1A00D12B1D /* ViewController.swift in Sources */ = {isa = PBXBuildFile; fileRef = F73153252BC48E1A00D12B1D /* ViewController.swift */; };
		F73153292BC48E1A00D12B1D /* Base in Resources */ = {isa = PBXBuildFile; fileRef = F73153282BC48E1A00D12B1D /* Base */; };
		F731532B2BC48E1B00D12B1D /* Assets.xcassets in Resources */ = {isa = PBXBuildFile; fileRef = F731532A2BC48E1B00D12B1D /* Assets.xcassets */; };
		F731532E2BC48E1B00D12B1D /* Base in Resources */ = {isa = PBXBuildFile; fileRef = F731532D2BC48E1B00D12B1D /* Base */; };
		F73153362BC4957000D12B1D /* Listings.swift in Sources */ = {isa = PBXBuildFile; fileRef = F73153352BC4957000D12B1D /* Listings.swift */; };
		F731533A2BC499AF00D12B1D /* PropertyListings.json in Resources */ = {isa = PBXBuildFile; fileRef = F73153392BC499AF00D12B1D /* PropertyListings.json */; };
/* End PBXBuildFile section */

/* Begin PBXFileReference section */
		F731531E2BC48E1A00D12B1D /* JonesSpencer_JSONIntro.app */ = {isa = PBXFileReference; explicitFileType = wrapper.application; includeInIndex = 0; path = JonesSpencer_JSONIntro.app; sourceTree = BUILT_PRODUCTS_DIR; };
		F73153212BC48E1A00D12B1D /* AppDelegate.swift */ = {isa = PBXFileReference; lastKnownFileType = sourcecode.swift; path = AppDelegate.swift; sourceTree = "<group>"; };
		F73153232BC48E1A00D12B1D /* SceneDelegate.swift */ = {isa = PBXFileReference; lastKnownFileType = sourcecode.swift; path = SceneDelegate.swift; sourceTree = "<group>"; };
		F73153252BC48E1A00D12B1D /* ViewController.swift */ = {isa = PBXFileReference; lastKnownFileType = sourcecode.swift; path = ViewController.swift; sourceTree = "<group>"; };
		F73153282BC48E1A00D12B1D /* Base */ = {isa = PBXFileReference; lastKnownFileType = file.storyboard; name = Base; path = Base.lproj/Main.storyboard; sourceTree = "<group>"; };
		F731532A2BC48E1B00D12B1D /* Assets.xcassets */ = {isa = PBXFileReference; lastKnownFileType = folder.assetcatalog; path = Assets.xcassets; sourceTree = "<group>"; };
		F731532D2BC48E1B00D12B1D /* Base */ = {isa = PBXFileReference; lastKnownFileType = file.storyboard; name = Base; path = Base.lproj/LaunchScreen.storyboard; sourceTree = "<group>"; };
		F731532F2BC48E1B00D12B1D /* Info.plist */ = {isa = PBXFileReference; lastKnownFileType = text.plist.xml; path = Info.plist; sourceTree = "<group>"; };
		F73153352BC4957000D12B1D /* Listings.swift */ = {isa = PBXFileReference; lastKnownFileType = sourcecode.swift; path = Listings.swift; sourceTree = "<group>"; };
		F73153392BC499AF00D12B1D /* PropertyListings.json */ = {isa = PBXFileReference; fileEncoding = 4; lastKnownFileType = text.json; path = PropertyListings.json; sourceTree = "<group>"; };
/* End PBXFileReference section */

/* Begin PBXFrameworksBuildPhase section */
		F731531B2BC48E1A00D12B1D /* Frameworks */ = {
			isa = PBXFrameworksBuildPhase;
			buildActionMask = 2147483647;
			files = (
			);
			runOnlyForDeploymentPostprocessing = 0;
		};
/* End PBXFrameworksBuildPhase section */

/* Begin PBXGroup section */
		F73153152BC48E1A00D12B1D = {
			isa = PBXGroup;
			children = (
				F73153202BC48E1A00D12B1D /* JonesSpencer_JSONIntro */,
				F731531F2BC48E1A00D12B1D /* Products */,
			);
			sourceTree = "<group>";
		};
		F731531F2BC48E1A00D12B1D /* Products */ = {
			isa = PBXGroup;
			children = (
				F731531E2BC48E1A00D12B1D /* JonesSpencer_JSONIntro.app */,
			);
			name = Products;
			sourceTree = "<group>";
		};
		F73153202BC48E1A00D12B1D /* JonesSpencer_JSONIntro */ = {
			isa = PBXGroup;
			children = (
				F73153212BC48E1A00D12B1D /* AppDelegate.swift */,
				F73153232BC48E1A00D12B1D /* SceneDelegate.swift */,
				F73153392BC499AF00D12B1D /* PropertyListings.json */,
				F73153252BC48E1A00D12B1D /* ViewController.swift */,
				F73153352BC4957000D12B1D /* Listings.swift */,
				F73153272BC48E1A00D12B1D /* Main.storyboard */,
				F731532A2BC48E1B00D12B1D /* Assets.xcassets */,
				F731532C2BC48E1B00D12B1D /* LaunchScreen.storyboard */,
				F731532F2BC48E1B00D12B1D /* Info.plist */,
			);
			path = JonesSpencer_JSONIntro;
			sourceTree = "<group>";
		};
/* End PBXGroup section */

/* Begin PBXNativeTarget section */
		F731531D2BC48E1A00D12B1D /* JonesSpencer_JSONIntro */ = {
			isa = PBXNativeTarget;
			buildConfigurationList = F73153322BC48E1B00D12B1D /* Build configuration list for PBXNativeTarget "JonesSpencer_JSONIntro" */;
			buildPhases = (
				F731531A2BC48E1A00D12B1D /* Sources */,
				F731531B2BC48E1A00D12B1D /* Frameworks */,
				F731531C2BC48E1A00D12B1D /* Resources */,
			);
			buildRules = (
			);
			dependencies = (
			);
			name = JonesSpencer_JSONIntro;
			productName = JonesSpencer_JSONIntro;
			productReference = F731531E2BC48E1A00D12B1D /* JonesSpencer_JSONIntro.app */;
			productType = "com.apple.product-type.application";
		};
/* End PBXNativeTarget section */

/* Begin PBXProject section */
		F73153162BC48E1A00D12B1D /* Project object */ = {
			isa = PBXProject;
			attributes = {
				BuildIndependentTargetsInParallel = 1;
				LastSwiftUpdateCheck = 1530;
				LastUpgradeCheck = 1530;
				TargetAttributes = {
					F731531D2BC48E1A00D12B1D = {
						CreatedOnToolsVersion = 15.3;
					};
				};
			};
			buildConfigurationList = F73153192BC48E1A00D12B1D /* Build configuration list for PBXProject "JonesSpencer_JSONIntro" */;
			compatibilityVersion = "Xcode 14.0";
			developmentRegion = en;
			hasScannedForEncodings = 0;
			knownRegions = (
				en,
				Base,
			);
			mainGroup = F73153152BC48E1A00D12B1D;
			productRefGroup = F731531F2BC48E1A00D12B1D /* Products */;
			projectDirPath = "";
			projectRoot = "";
			targets = (
				F731531D2BC48E1A00D12B1D /* JonesSpencer_JSONIntro */,
			);
		};
/* End PBXProject section */

/* Begin PBXResourcesBuildPhase section */
		F731531C2BC48E1A00D12B1D /* Resources */ = {
			isa = PBXResourcesBuildPhase;
			buildActionMask = 2147483647;
			files = (
				F731532B2BC48E1B00D12B1D /* Assets.xcassets in Resources */,
				F731532E2BC48E1B00D12B1D /* Base in Resources */,
				F73153292BC48E1A00D12B1D /* Base in Resources */,
				F731533A2BC499AF00D12B1D /* PropertyListings.json in Resources */,
			);
			runOnlyForDeploymentPostprocessing = 0;
		};
/* End PBXResourcesBuildPhase section */

/* Begin PBXSourcesBuildPhase section */
		F731531A2BC48E1A00D12B1D /* Sources */ = {
			isa = PBXSourcesBuildPhase;
			buildActionMask = 2147483647;
			files = (
				F73153262BC48E1A00D12B1D /* ViewController.swift in Sources */,
				F73153222BC48E1A00D12B1D /* AppDelegate.swift in Sources */,
				F73153362BC4957000D12B1D /* Listings.swift in Sources */,
				F73153242BC48E1A00D12B1D /* SceneDelegate.swift in Sources */,
			);
			runOnlyForDeploymentPostprocessing = 0;
		};
/* End PBXSourcesBuildPhase section */

/* Begin PBXVariantGroup section */
		F73153272BC48E1A00D12B1D /* Main.storyboard */ = {
			isa = PBXVariantGroup;
			children = (
				F73153282BC48E1A00D12B1D /* Base */,
			);
			name = Main.storyboard;
			sourceTree = "<group>";
		};
		F731532C2BC48E1B00D12B1D /* LaunchScreen.storyboard */ = {
			isa = PBXVariantGroup;
			children = (
				F731532D2BC48E1B00D12B1D /* Base */,
			);
			name = LaunchScreen.storyboard;
			sourceTree = "<group>";
		};
/* End PBXVariantGroup section */

/* Begin XCBuildConfiguration section */
		F73153302BC48E1B00D12B1D /* Debug */ = {
			isa = XCBuildConfiguration;
			buildSettings = {
				ALWAYS_SEARCH_USER_PATHS = NO;
				ASSETCATALOG_COMPILER_GENERATE_SWIFT_ASSET_SYMBOL_EXTENSIONS = YES;
				CLANG_ANALYZER_NONNULL = YES;
				CLANG_ANALYZER_NUMBER_OBJECT_CONVERSION = YES_AGGRESSIVE;
				CLANG_CXX_LANGUAGE_STANDARD = "gnu++20";
				CLANG_ENABLE_MODULES = YES;
				CLANG_ENABLE_OBJC_ARC = YES;
				CLANG_ENABLE_OBJC_WEAK = YES;
				CLANG_WARN_BLOCK_CAPTURE_AUTORELEASING = YES;
				CLANG_WARN_BOOL_CONVERSION = YES;
				CLANG_WARN_COMMA = YES;
				CLANG_WARN_CONSTANT_CONVERSION = YES;
				CLANG_WARN_DEPRECATED_OBJC_IMPLEMENTATIONS = YES;
				CLANG_WARN_DIRECT_OBJC_ISA_USAGE = YES_ERROR;
				CLANG_WARN_DOCUMENTATION_COMMENTS = YES;
				CLANG_WARN_EMPTY_BODY = YES;
				CLANG_WARN_ENUM_CONVERSION = YES;
				CLANG_WARN_INFINITE_RECURSION = YES;
				CLANG_WARN_INT_CONVERSION = YES;
				CLANG_WARN_NON_LITERAL_NULL_CONVERSION = YES;
				CLANG_WARN_OBJC_IMPLICIT_RETAIN_SELF = YES;
				CLANG_WARN_OBJC_LITERAL_CONVERSION = YES;
				CLANG_WARN_OBJC_ROOT_CLASS = YES_ERROR;
				CLANG_WARN_QUOTED_INCLUDE_IN_FRAMEWORK_HEADER = YES;
				CLANG_WARN_RANGE_LOOP_ANALYSIS = YES;
				CLANG_WARN_STRICT_PROTOTYPES = YES;
				CLANG_WARN_SUSPICIOUS_MOVE = YES;
				CLANG_WARN_UNGUARDED_AVAILABILITY = YES_AGGRESSIVE;
				CLANG_WARN_UNREACHABLE_CODE = YES;
				CLANG_WARN__DUPLICATE_METHOD_MATCH = YES;
				COPY_PHASE_STRIP = NO;
				DEBUG_INFORMATION_FORMAT = dwarf;
				ENABLE_STRICT_OBJC_MSGSEND = YES;
				ENABLE_TESTABILITY = YES;
				ENABLE_USER_SCRIPT_SANDBOXING = YES;
				GCC_C_LANGUAGE_STANDARD = gnu17;
				GCC_DYNAMIC_NO_PIC = NO;
				GCC_NO_COMMON_BLOCKS = YES;
				GCC_OPTIMIZATION_LEVEL = 0;
				GCC_PREPROCESSOR_DEFINITIONS = (
					"DEBUG=1",
					"$(inherited)",
				);
				GCC_WARN_64_TO_32_BIT_CONVERSION = YES;
				GCC_WARN_ABOUT_RETURN_TYPE = YES_ERROR;
				GCC_WARN_UNDECLARED_SELECTOR = YES;
				GCC_WARN_UNINITIALIZED_AUTOS = YES_AGGRESSIVE;
				GCC_WARN_UNUSED_FUNCTION = YES;
				GCC_WARN_UNUSED_VARIABLE = YES;
				IPHONEOS_DEPLOYMENT_TARGET = 17.4;
				LOCALIZATION_PREFERS_STRING_CATALOGS = YES;
				MTL_ENABLE_DEBUG_INFO = INCLUDE_SOURCE;
				MTL_FAST_MATH = YES;
				ONLY_ACTIVE_ARCH = YES;
				SDKROOT = iphoneos;
				SWIFT_ACTIVE_COMPILATION_CONDITIONS = "DEBUG $(inherited)";
				SWIFT_OPTIMIZATION_LEVEL = "-Onone";
			};
			name = Debug;
		};
		F73153312BC48E1B00D12B1D /* Release */ = {
			isa = XCBuildConfiguration;
			buildSettings = {
				ALWAYS_SEARCH_USER_PATHS = NO;
				ASSETCATALOG_COMPILER_GENERATE_SWIFT_ASSET_SYMBOL_EXTENSIONS = YES;
				CLANG_ANALYZER_NONNULL = YES;
				CLANG_ANALYZER_NUMBER_OBJECT_CONVERSION = YES_AGGRESSIVE;
				CLANG_CXX_LANGUAGE_STANDARD = "gnu++20";
				CLANG_ENABLE_MODULES = YES;
				CLANG_ENABLE_OBJC_ARC = YES;
				CLANG_ENABLE_OBJC_WEAK = YES;
				CLANG_WARN_BLOCK_CAPTURE_AUTORELEASING = YES;
				CLANG_WARN_BOOL_CONVERSION = YES;
				CLANG_WARN_COMMA = YES;
				CLANG_WARN_CONSTANT_CONVERSION = YES;
				CLANG_WARN_DEPRECATED_OBJC_IMPLEMENTATIONS = YES;
				CLANG_WARN_DIRECT_OBJC_ISA_USAGE = YES_ERROR;
				CLANG_WARN_DOCUMENTATION_COMMENTS = YES;
				CLANG_WARN_EMPTY_BODY = YES;
				CLANG_WARN_ENUM_CONVERSION = YES;
				CLANG_WARN_INFINITE_RECURSION = YES;
				CLANG_WARN_INT_CONVERSION = YES;
				CLANG_WARN_NON_LITERAL_NULL_CONVERSION = YES;
				CLANG_WARN_OBJC_IMPLICIT_RETAIN_SELF = YES;
				CLANG_WARN_OBJC_LITERAL_CONVERSION = YES;
				CLANG_WARN_OBJC_ROOT_CLASS = YES_ERROR;
				CLANG_WARN_QUOTED_INCLUDE_IN_FRAMEWORK_HEADER = YES;
				CLANG_WARN_RANGE_LOOP_ANALYSIS = YES;
				CLANG_WARN_STRICT_PROTOTYPES = YES;
				CLANG_WARN_SUSPICIOUS_MOVE = YES;
				CLANG_WARN_UNGUARDED_AVAILABILITY = YES_AGGRESSIVE;
				CLANG_WARN_UNREACHABLE_CODE = YES;
				CLANG_WARN__DUPLICATE_METHOD_MATCH = YES;
				COPY_PHASE_STRIP = NO;
				DEBUG_INFORMATION_FORMAT = "dwarf-with-dsym";
				ENABLE_NS_ASSERTIONS = NO;
				ENABLE_STRICT_OBJC_MSGSEND = YES;
				ENABLE_USER_SCRIPT_SANDBOXING = YES;
				GCC_C_LANGUAGE_STANDARD = gnu17;
				GCC_NO_COMMON_BLOCKS = YES;
				GCC_WARN_64_TO_32_BIT_CONVERSION = YES;
				GCC_WARN_ABOUT_RETURN_TYPE = YES_ERROR;
				GCC_WARN_UNDECLARED_SELECTOR = YES;
				GCC_WARN_UNINITIALIZED_AUTOS = YES_AGGRESSIVE;
				GCC_WARN_UNUSED_FUNCTION = YES;
				GCC_WARN_UNUSED_VARIABLE = YES;
				IPHONEOS_DEPLOYMENT_TARGET = 17.4;
				LOCALIZATION_PREFERS_STRING_CATALOGS = YES;
				MTL_ENABLE_DEBUG_INFO = NO;
				MTL_FAST_MATH = YES;
				SDKROOT = iphoneos;
				SWIFT_COMPILATION_MODE = wholemodule;
				VALIDATE_PRODUCT = YES;
			};
			name = Release;
		};
		F73153332BC48E1B00D12B1D /* Debug */ = {
			isa = XCBuildConfiguration;
			buildSettings = {
				ASSETCATALOG_COMPILER_APPICON_NAME = AppIcon;
				ASSETCATALOG_COMPILER_GLOBAL_ACCENT_COLOR_NAME = AccentColor;
				CODE_SIGN_STYLE = Automatic;
				CURRENT_PROJECT_VERSION = 1;
				DEVELOPMENT_TEAM = GD6H63ZU48;
				GENERATE_INFOPLIST_FILE = YES;
				INFOPLIST_FILE = JonesSpencer_JSONIntro/Info.plist;
				INFOPLIST_KEY_UIApplicationSupportsIndirectInputEvents = YES;
				INFOPLIST_KEY_UILaunchStoryboardName = LaunchScreen;
				INFOPLIST_KEY_UIMainStoryboardFile = Main;
				INFOPLIST_KEY_UISupportedInterfaceOrientations_iPad = "UIInterfaceOrientationPortrait UIInterfaceOrientationPortraitUpsideDown UIInterfaceOrientationLandscapeLeft UIInterfaceOrientationLandscapeRight";
				INFOPLIST_KEY_UISupportedInterfaceOrientations_iPhone = "UIInterfaceOrientationPortrait UIInterfaceOrientationLandscapeLeft UIInterfaceOrientationLandscapeRight";
				LD_RUNPATH_SEARCH_PATHS = (
					"$(inherited)",
					"@executable_path/Frameworks",
				);
				MARKETING_VERSION = 1.0;
				PRODUCT_BUNDLE_IDENTIFIER = "SpencerJones.JonesSpencer-JSONIntro";
				PRODUCT_NAME = "$(TARGET_NAME)";
				SWIFT_EMIT_LOC_STRINGS = YES;
				SWIFT_VERSION = 5.0;
				TARGETED_DEVICE_FAMILY = "1,2";
			};
			name = Debug;
		};
		F73153342BC48E1B00D12B1D /* Release */ = {
			isa = XCBuildConfiguration;
			buildSettings = {
				ASSETCATALOG_COMPILER_APPICON_NAME = AppIcon;
				ASSETCATALOG_COMPILER_GLOBAL_ACCENT_COLOR_NAME = AccentColor;
				CODE_SIGN_STYLE = Automatic;
				CURRENT_PROJECT_VERSION = 1;
				DEVELOPMENT_TEAM = GD6H63ZU48;
				GENERATE_INFOPLIST_FILE = YES;
				INFOPLIST_FILE = JonesSpencer_JSONIntro/Info.plist;
				INFOPLIST_KEY_UIApplicationSupportsIndirectInputEvents = YES;
				INFOPLIST_KEY_UILaunchStoryboardName = LaunchScreen;
				INFOPLIST_KEY_UIMainStoryboardFile = Main;
				INFOPLIST_KEY_UISupportedInterfaceOrientations_iPad = "UIInterfaceOrientationPortrait UIInterfaceOrientationPortraitUpsideDown UIInterfaceOrientationLandscapeLeft UIInterfaceOrientationLandscapeRight";
				INFOPLIST_KEY_UISupportedInterfaceOrientations_iPhone = "UIInterfaceOrientationPortrait UIInterfaceOrientationLandscapeLeft UIInterfaceOrientationLandscapeRight";
				LD_RUNPATH_SEARCH_PATHS = (
					"$(inherited)",
					"@executable_path/Frameworks",
				);
				MARKETING_VERSION = 1.0;
				PRODUCT_BUNDLE_IDENTIFIER = "SpencerJones.JonesSpencer-JSONIntro";
				PRODUCT_NAME = "$(TARGET_NAME)";
				SWIFT_EMIT_LOC_STRINGS = YES;
				SWIFT_VERSION = 5.0;
				TARGETED_DEVICE_FAMILY = "1,2";
			};
			name = Release;
		};
/* End XCBuildConfiguration section */

/* Begin XCConfigurationList section */
		F73153192BC48E1A00D12B1D /* Build configuration list for PBXProject "JonesSpencer_JSONIntro" */ = {
			isa = XCConfigurationList;
			buildConfigurations = (
				F73153302BC48E1B00D12B1D /* Debug */,
				F73153312BC48E1B00D12B1D /* Release */,
			);
			defaultConfigurationIsVisible = 0;
			defaultConfigurationName = Release;
		};
		F73153322BC48E1B00D12B1D /* Build configuration list for PBXNativeTarget "JonesSpencer_JSONIntro" */ = {
			isa = XCConfigurationList;
			buildConfigurations = (
				F73153332BC48E1B00D12B1D /* Debug */,
				F73153342BC48E1B00D12B1D /* Release */,
			);
			defaultConfigurationIsVisible = 0;
			defaultConfigurationName = Release;
		};
/* End XCConfigurationList section */
	};
	rootObject = F73153162BC48E1A00D12B1D /* Project object */;
}
